
Microsoft Visual Studio Solution File, Format Version 12.00
# Visual Studio 15
VisualStudioVersion = 15.0.27130.2020
MinimumVisualStudioVersion = 10.0.40219.1
Project("{FAE04EC0-301F-11D3-BF4B-00C04F79EFBC}") = "TZB.Utils", "TZB.Utils\TZB.Utils.csproj", "{806EE1CA-CD39-4711-84A1-815208794BB9}"
EndProject
Project("{FAE04EC0-301F-11D3-BF4B-00C04F79EFBC}") = "TZB.Framework", "TZB.Framework\TZB.Framework.csproj", "{D7DE24E8-07DF-41E0-8F9A-EDB7F2DB3C9D}"
EndProject
Project("{FAE04EC0-301F-11D3-BF4B-00C04F79EFBC}") = "TZB.IService", "TZB.IService\TZB.IService.csproj", "{AB94D00C-D515-4196-8787-808F09756913}"
EndProject
Project("{FAE04EC0-301F-11D3-BF4B-00C04F79EFBC}") = "TZB.EFService", "TZB.EFService\TZB.EFService.csproj", "{F5989FC3-7C0E-4257-88ED-C649F7A19875}"
EndProject
Project("{FAE04EC0-301F-11D3-BF4B-00C04F79EFBC}") = "UnitTestFramework", "UnitTestFramework\UnitTestFramework.csproj", "{98A09F39-ABAD-4182-913F-954272424496}"
EndProject
Project("{2150E333-8FDC-42A3-9474-1A3956D46DE8}") = "TZB.Test", "TZB.Test", "{07E462E1-9B9F-4A05-8D9C-48D1BD5ACA7F}"
EndProject
Project("{9A19103F-16F7-4668-BE54-9A1E7A4F7556}") = "ConsoleApp1", "ConsoleApp1\ConsoleApp1.csproj", "{F123170C-D508-4F0C-B431-E7636967FD45}"
EndProject
Project("{FAE04EC0-301F-11D3-BF4B-00C04F79EFBC}") = "MailTest", "MailTest\MailTest.csproj", "{21F573DA-FBC7-4BC0-879A-93BEBD1DABC5}"
EndProject
Project("{FAE04EC0-301F-11D3-BF4B-00C04F79EFBC}") = "ImageTest", "ImageTest\ImageTest.csproj", "{945483B1-4406-4F5F-9B74-BBD4D5BEA184}"
EndProject
Project("{FAE04EC0-301F-11D3-BF4B-00C04F79EFBC}") = "log4nettest", "log4nettest\log4nettest.csproj", "{83E9D4AA-8171-4162-A100-9FDB5BB268BD}"
EndProject
Project("{FAE04EC0-301F-11D3-BF4B-00C04F79EFBC}") = "quartzTest", "quartzTest\quartzTest.csproj", "{DB97826F-4A5E-400A-9764-27B4F4862F16}"
EndProject
Project("{FAE04EC0-301F-11D3-BF4B-00C04F79EFBC}") = "NewtonTest", "NewtonTest\NewtonTest.csproj", "{98F64ED7-EDB2-4148-9A91-52D75E087CED}"
EndProject
Project("{FAE04EC0-301F-11D3-BF4B-00C04F79EFBC}") = "AutoFacTest", "AutoFacTest\AutoFacTest.csproj", "{99C0BE3B-90DC-443D-8E0A-CBB4FF8DE7A2}"
EndProject
Project("{FAE04EC0-301F-11D3-BF4B-00C04F79EFBC}") = "TZB.Admin.Web", "TZB.Admin.Web\TZB.Admin.Web.csproj", "{BE837EE4-DABC-4C48-8DE9-FA2CA3D43351}"
EndProject
Project("{FAE04EC0-301F-11D3-BF4B-00C04F79EFBC}") = "TZB.Dto", "TZB.Dto\TZB.Dto.csproj", "{0E613CEB-374E-4E79-8706-BEAE649651DE}"
EndProject
Project("{FAE04EC0-301F-11D3-BF4B-00C04F79EFBC}") = "TZB.EntityConfig", "TZB.EntityConfig\TZB.EntityConfig.csproj", "{16072B6A-34DF-4820-933F-5E1B93018AA2}"
EndProject
Project("{FAE04EC0-301F-11D3-BF4B-00C04F79EFBC}") = "TZB.OrclService", "TZB.OrclService\TZB.OrclService.csproj", "{6960306B-DE2E-4DF0-9A2E-A505EDF4DBF6}"
EndProject
Project("{FAE04EC0-301F-11D3-BF4B-00C04F79EFBC}") = "TZB.Entity", "TZB.Entity\TZB.Entity.csproj", "{A10BD5EC-C5C1-4046-BA73-9BC5D4BC312C}"
EndProject
Global
	GlobalSection(SolutionConfigurationPlatforms) = preSolution
		Debug|Any CPU = Debug|Any CPU
		Release|Any CPU = Release|Any CPU
	EndGlobalSection
	GlobalSection(ProjectConfigurationPlatforms) = postSolution
		{806EE1CA-CD39-4711-84A1-815208794BB9}.Debug|Any CPU.ActiveCfg = Debug|Any CPU
		{806EE1CA-CD39-4711-84A1-815208794BB9}.Debug|Any CPU.Build.0 = Debug|Any CPU
		{806EE1CA-CD39-4711-84A1-815208794BB9}.Release|Any CPU.ActiveCfg = Release|Any CPU
		{806EE1CA-CD39-4711-84A1-815208794BB9}.Release|Any CPU.Build.0 = Release|Any CPU
		{D7DE24E8-07DF-41E0-8F9A-EDB7F2DB3C9D}.Debug|Any CPU.ActiveCfg = Debug|Any CPU
		{D7DE24E8-07DF-41E0-8F9A-EDB7F2DB3C9D}.Debug|Any CPU.Build.0 = Debug|Any CPU
		{D7DE24E8-07DF-41E0-8F9A-EDB7F2DB3C9D}.Release|Any CPU.ActiveCfg = Release|Any CPU
		{D7DE24E8-07DF-41E0-8F9A-EDB7F2DB3C9D}.Release|Any CPU.Build.0 = Release|Any CPU
		{AB94D00C-D515-4196-8787-808F09756913}.Debug|Any CPU.ActiveCfg = Debug|Any CPU
		{AB94D00C-D515-4196-8787-808F09756913}.Debug|Any CPU.Build.0 = Debug|Any CPU
		{AB94D00C-D515-4196-8787-808F09756913}.Release|Any CPU.ActiveCfg = Release|Any CPU
		{AB94D00C-D515-4196-8787-808F09756913}.Release|Any CPU.Build.0 = Release|Any CPU
		{F5989FC3-7C0E-4257-88ED-C649F7A19875}.Debug|Any CPU.ActiveCfg = Debug|Any CPU
		{F5989FC3-7C0E-4257-88ED-C649F7A19875}.Debug|Any CPU.Build.0 = Debug|Any CPU
		{F5989FC3-7C0E-4257-88ED-C649F7A19875}.Release|Any CPU.ActiveCfg = Release|Any CPU
		{F5989FC3-7C0E-4257-88ED-C649F7A19875}.Release|Any CPU.Build.0 = Release|Any CPU
		{98A09F39-ABAD-4182-913F-954272424496}.Debug|Any CPU.ActiveCfg = Debug|Any CPU
		{98A09F39-ABAD-4182-913F-954272424496}.Debug|Any CPU.Build.0 = Debug|Any CPU
		{98A09F39-ABAD-4182-913F-954272424496}.Release|Any CPU.ActiveCfg = Release|Any CPU
		{98A09F39-ABAD-4182-913F-954272424496}.Release|Any CPU.Build.0 = Release|Any CPU
		{F123170C-D508-4F0C-B431-E7636967FD45}.Debug|Any CPU.ActiveCfg = Debug|Any CPU
		{F123170C-D508-4F0C-B431-E7636967FD45}.Debug|Any CPU.Build.0 = Debug|Any CPU
		{F123170C-D508-4F0C-B431-E7636967FD45}.Release|Any CPU.ActiveCfg = Release|Any CPU
		{F123170C-D508-4F0C-B431-E7636967FD45}.Release|Any CPU.Build.0 = Release|Any CPU
		{21F573DA-FBC7-4BC0-879A-93BEBD1DABC5}.Debug|Any CPU.ActiveCfg = Debug|Any CPU
		{21F573DA-FBC7-4BC0-879A-93BEBD1DABC5}.Debug|Any CPU.Build.0 = Debug|Any CPU
		{21F573DA-FBC7-4BC0-879A-93BEBD1DABC5}.Release|Any CPU.ActiveCfg = Release|Any CPU
		{21F573DA-FBC7-4BC0-879A-93BEBD1DABC5}.Release|Any CPU.Build.0 = Release|Any CPU
		{945483B1-4406-4F5F-9B74-BBD4D5BEA184}.Debug|Any CPU.ActiveCfg = Debug|Any CPU
		{945483B1-4406-4F5F-9B74-BBD4D5BEA184}.Debug|Any CPU.Build.0 = Debug|Any CPU
		{945483B1-4406-4F5F-9B74-BBD4D5BEA184}.Release|Any CPU.ActiveCfg = Release|Any CPU
		{945483B1-4406-4F5F-9B74-BBD4D5BEA184}.Release|Any CPU.Build.0 = Release|Any CPU
		{83E9D4AA-8171-4162-A100-9FDB5BB268BD}.Debug|Any CPU.ActiveCfg = Debug|Any CPU
		{83E9D4AA-8171-4162-A100-9FDB5BB268BD}.Debug|Any CPU.Build.0 = Debug|Any CPU
		{83E9D4AA-8171-4162-A100-9FDB5BB268BD}.Release|Any CPU.ActiveCfg = Release|Any CPU
		{83E9D4AA-8171-4162-A100-9FDB5BB268BD}.Release|Any CPU.Build.0 = Release|Any CPU
		{DB97826F-4A5E-400A-9764-27B4F4862F16}.Debug|Any CPU.ActiveCfg = Debug|Any CPU
		{DB97826F-4A5E-400A-9764-27B4F4862F16}.Debug|Any CPU.Build.0 = Debug|Any CPU
		{DB97826F-4A5E-400A-9764-27B4F4862F16}.Release|Any CPU.ActiveCfg = Release|Any CPU
		{DB97826F-4A5E-400A-9764-27B4F4862F16}.Release|Any CPU.Build.0 = Release|Any CPU
		{98F64ED7-EDB2-4148-9A91-52D75E087CED}.Debug|Any CPU.ActiveCfg = Debug|Any CPU
		{98F64ED7-EDB2-4148-9A91-52D75E087CED}.Debug|Any CPU.Build.0 = Debug|Any CPU
		{98F64ED7-EDB2-4148-9A91-52D75E087CED}.Release|Any CPU.ActiveCfg = Release|Any CPU
		{98F64ED7-EDB2-4148-9A91-52D75E087CED}.Release|Any CPU.Build.0 = Release|Any CPU
		{99C0BE3B-90DC-443D-8E0A-CBB4FF8DE7A2}.Debug|Any CPU.ActiveCfg = Debug|Any CPU
		{99C0BE3B-90DC-443D-8E0A-CBB4FF8DE7A2}.Debug|Any CPU.Build.0 = Debug|Any CPU
		{99C0BE3B-90DC-443D-8E0A-CBB4FF8DE7A2}.Release|Any CPU.ActiveCfg = Release|Any CPU
		{99C0BE3B-90DC-443D-8E0A-CBB4FF8DE7A2}.Release|Any CPU.Build.0 = Release|Any CPU
		{BE837EE4-DABC-4C48-8DE9-FA2CA3D43351}.Debug|Any CPU.ActiveCfg = Debug|Any CPU
		{BE837EE4-DABC-4C48-8DE9-FA2CA3D43351}.Debug|Any CPU.Build.0 = Debug|Any CPU
		{BE837EE4-DABC-4C48-8DE9-FA2CA3D43351}.Release|Any CPU.ActiveCfg = Release|Any CPU
		{BE837EE4-DABC-4C48-8DE9-FA2CA3D43351}.Release|Any CPU.Build.0 = Release|Any CPU
		{0E613CEB-374E-4E79-8706-BEAE649651DE}.Debug|Any CPU.ActiveCfg = Debug|Any CPU
		{0E613CEB-374E-4E79-8706-BEAE649651DE}.Debug|Any CPU.Build.0 = Debug|Any CPU
		{0E613CEB-374E-4E79-8706-BEAE649651DE}.Release|Any CPU.ActiveCfg = Release|Any CPU
		{0E613CEB-374E-4E79-8706-BEAE649651DE}.Release|Any CPU.Build.0 = Release|Any CPU
		{16072B6A-34DF-4820-933F-5E1B93018AA2}.Debug|Any CPU.ActiveCfg = Debug|Any CPU
		{16072B6A-34DF-4820-933F-5E1B93018AA2}.Debug|Any CPU.Build.0 = Debug|Any CPU
		{16072B6A-34DF-4820-933F-5E1B93018AA2}.Release|Any CPU.ActiveCfg = Release|Any CPU
		{16072B6A-34DF-4820-933F-5E1B93018AA2}.Release|Any CPU.Build.0 = Release|Any CPU
		{6960306B-DE2E-4DF0-9A2E-A505EDF4DBF6}.Debug|Any CPU.ActiveCfg = Debug|Any CPU
		{6960306B-DE2E-4DF0-9A2E-A505EDF4DBF6}.Debug|Any CPU.Build.0 = Debug|Any CPU
		{6960306B-DE2E-4DF0-9A2E-A505EDF4DBF6}.Release|Any CPU.ActiveCfg = Release|Any CPU
		{6960306B-DE2E-4DF0-9A2E-A505EDF4DBF6}.Release|Any CPU.Build.0 = Release|Any CPU
		{A10BD5EC-C5C1-4046-BA73-9BC5D4BC312C}.Debug|Any CPU.ActiveCfg = Debug|Any CPU
		{A10BD5EC-C5C1-4046-BA73-9BC5D4BC312C}.Debug|Any CPU.Build.0 = Debug|Any CPU
		{A10BD5EC-C5C1-4046-BA73-9BC5D4BC312C}.Release|Any CPU.ActiveCfg = Release|Any CPU
		{A10BD5EC-C5C1-4046-BA73-9BC5D4BC312C}.Release|Any CPU.Build.0 = Release|Any CPU
	EndGlobalSection
	GlobalSection(SolutionProperties) = preSolution
		HideSolutionNode = FALSE
	EndGlobalSection
	GlobalSection(NestedProjects) = preSolution
		{F123170C-D508-4F0C-B431-E7636967FD45} = {07E462E1-9B9F-4A05-8D9C-48D1BD5ACA7F}
		{21F573DA-FBC7-4BC0-879A-93BEBD1DABC5} = {07E462E1-9B9F-4A05-8D9C-48D1BD5ACA7F}
		{945483B1-4406-4F5F-9B74-BBD4D5BEA184} = {07E462E1-9B9F-4A05-8D9C-48D1BD5ACA7F}
		{83E9D4AA-8171-4162-A100-9FDB5BB268BD} = {07E462E1-9B9F-4A05-8D9C-48D1BD5ACA7F}
		{DB97826F-4A5E-400A-9764-27B4F4862F16} = {07E462E1-9B9F-4A05-8D9C-48D1BD5ACA7F}
		{98F64ED7-EDB2-4148-9A91-52D75E087CED} = {07E462E1-9B9F-4A05-8D9C-48D1BD5ACA7F}
		{99C0BE3B-90DC-443D-8E0A-CBB4FF8DE7A2} = {07E462E1-9B9F-4A05-8D9C-48D1BD5ACA7F}
	EndGlobalSection
	GlobalSection(ExtensibilityGlobals) = postSolution
		SolutionGuid = {E5478605-388E-443F-A571-BC95594B08DE}
	EndGlobalSection
EndGlobal
